
Microsoft Visual Studio Solution File, Format Version 12.00
# Visual Studio 15
VisualStudioVersion = 15.0.28010.2019
MinimumVisualStudioVersion = 10.0.40219.1
Project("{FAE04EC0-301F-11D3-BF4B-00C04F79EFBC}") = "wedit", "wedit.csproj", "{26BF4232-9ABE-4DF8-8160-90E5235B370D}"
EndProject
Global
	GlobalSection(SolutionConfigurationPlatforms) = preSolution
		Debug|Any CPU = Debug|Any CPU
		Release|Any CPU = Release|Any CPU
	EndGlobalSection
	GlobalSection(ProjectConfigurationPlatforms) = postSolution
		{26BF4232-9ABE-4DF8-8160-90E5235B370D}.Debug|Any CPU.ActiveCfg = Debug|Any CPU
		{26BF4232-9ABE-4DF8-8160-90E5235B370D}.Debug|Any CPU.Build.0 = Debug|Any CPU
		{26BF4232-9ABE-4DF8-8160-90E5235B370D}.Release|Any CPU.ActiveCfg = Release|Any CPU
		{26BF4232-9ABE-4DF8-8160-90E5235B370D}.Release|Any CPU.Build.0 = Release|Any CPU
	EndGlobalSection
	GlobalSection(SolutionProperties) = preSolution
		HideSolutionNode = FALSE
	EndGlobalSection
	GlobalSection(ExtensibilityGlobals) = postSolution
		SolutionGuid = {3DFF6CED-2B0D-4D58-8631-C1F7E917F799}
	EndGlobalSection
EndGlobal
